
Microsoft Visual Studio Solution File, Format Version 12.00
# Visual Studio Version 17
VisualStudioVersion = 17.0.32014.148
MinimumVisualStudioVersion = 10.0.40219.1
Project("{FAE04EC0-301F-11D3-BF4B-00C04F79EFBC}") = "Конвертер", "Конвертер\Конвертер.csproj", "{2EEFA163-4A4E-4C3B-8FEF-208C7EA431A2}"
EndProject
Global
	GlobalSection(SolutionConfigurationPlatforms) = preSolution
		Debug|Any CPU = Debug|Any CPU
		Release|Any CPU = Release|Any CPU
	EndGlobalSection
	GlobalSection(ProjectConfigurationPlatforms) = postSolution
		{2EEFA163-4A4E-4C3B-8FEF-208C7EA431A2}.Debug|Any CPU.ActiveCfg = Debug|Any CPU
		{2EEFA163-4A4E-4C3B-8FEF-208C7EA431A2}.Debug|Any CPU.Build.0 = Debug|Any CPU
		{2EEFA163-4A4E-4C3B-8FEF-208C7EA431A2}.Release|Any CPU.ActiveCfg = Release|Any CPU
		{2EEFA163-4A4E-4C3B-8FEF-208C7EA431A2}.Release|Any CPU.Build.0 = Release|Any CPU
	EndGlobalSection
	GlobalSection(SolutionProperties) = preSolution
		HideSolutionNode = FALSE
	EndGlobalSection
	GlobalSection(ExtensibilityGlobals) = postSolution
		SolutionGuid = {CEE0F0CB-17F0-460B-B0E6-F29C7F2DD31C}
	EndGlobalSection
EndGlobal
